{
  "name": "test_app",
  "version": "1.0.0",
  "lockfileVersion": 2,
  "requires": true,
  "packages": {
    "": {
      "name": "test_app",
      "version": "1.0.0",
      "license": "ISC",
      "dependencies": {
        "final_assessment": "^1.0.4"
      }
    },
    "node_modules/final_assessment": {
      "version": "1.0.4",
      "resolved": "https://registry.npmjs.org/final_assessment/-/final_assessment-1.0.4.tgz",
      "integrity": "sha512-Bo0dA9U/ZpUXFvy1crrZHM9yWvl7peehSS7SCuKBFGa9dZUwVn20LwzmJ0a6fMLy/fAF6eMkh1YFMl00nLXihw=="
    }
  },
  "dependencies": {
    "final_assessment": {
      "version": "1.0.4",
      "resolved": "https://registry.npmjs.org/final_assessment/-/final_assessment-1.0.4.tgz",
      "integrity": "sha512-Bo0dA9U/ZpUXFvy1crrZHM9yWvl7peehSS7SCuKBFGa9dZUwVn20LwzmJ0a6fMLy/fAF6eMkh1YFMl00nLXihw=="
    }
  }
}
